{
  "name": "lilon",
  "version": "1.0.3",
  "lockfileVersion": 2,
  "requires": true,
  "packages": {
    "": {
      "version": "1.0.3",
      "license": "ISC",
      "dependencies": {
        "lilon-lib": "1.0.0"
      },
      "bin": {
        "lilon": "bin/index.js"
      }
    },
    "../lilon-lib": {
      "version": "1.0.0",
      "license": "ISC"
    },
    "node_modules/lilon-lib": {
      "resolved": "../lilon-lib",
      "link": true
    }
  },
  "dependencies": {
    "lilon-lib": {
      "version": "1.0.0"
    }
  }
}
